// !$*UTF8*$!
{
	archiveVersion = 1;
	classes = {
	};
	objectVersion = 46;
	objects = {

/* Begin PBXBuildFile section */
		C91DD3531E503C8000D58071 /* AppDelegate.swift in Sources */ = {isa = PBXBuildFile; fileRef = C91DD3521E503C8000D58071 /* AppDelegate.swift */; };
		C91DD3551E503C8000D58071 /* ViewController.swift in Sources */ = {isa = PBXBuildFile; fileRef = C91DD3541E503C8000D58071 /* ViewController.swift */; };
		C91DD3581E503C8000D58071 /* Main.storyboard in Resources */ = {isa = PBXBuildFile; fileRef = C91DD3561E503C8000D58071 /* Main.storyboard */; };
		C91DD35A1E503C8100D58071 /* Assets.xcassets in Resources */ = {isa = PBXBuildFile; fileRef = C91DD3591E503C8100D58071 /* Assets.xcassets */; };
		C91DD35D1E503C8100D58071 /* LaunchScreen.storyboard in Resources */ = {isa = PBXBuildFile; fileRef = C91DD35B1E503C8100D58071 /* LaunchScreen.storyboard */; };
		C91DD3711E50768A00D58071 /* SimpleGraphs.swift in Sources */ = {isa = PBXBuildFile; fileRef = C91DD3701E50768A00D58071 /* SimpleGraphs.swift */; };
		C97864F71E52DB820056DEA6 /* CustomUIColor.swift in Sources */ = {isa = PBXBuildFile; fileRef = C97864F61E52DB820056DEA6 /* CustomUIColor.swift */; };
/* End PBXBuildFile section */

/* Begin PBXFileReference section */
		C91DD34F1E503C8000D58071 /* Demo.app */ = {isa = PBXFileReference; explicitFileType = wrapper.application; includeInIndex = 0; path = Demo.app; sourceTree = BUILT_PRODUCTS_DIR; };
		C91DD3521E503C8000D58071 /* AppDelegate.swift */ = {isa = PBXFileReference; lastKnownFileType = sourcecode.swift; path = AppDelegate.swift; sourceTree = "<group>"; };
		C91DD3541E503C8000D58071 /* ViewController.swift */ = {isa = PBXFileReference; lastKnownFileType = sourcecode.swift; path = ViewController.swift; sourceTree = "<group>"; };
		C91DD3571E503C8000D58071 /* Base */ = {isa = PBXFileReference; lastKnownFileType = file.storyboard; name = Base; path = Base.lproj/Main.storyboard; sourceTree = "<group>"; };
		C91DD3591E503C8100D58071 /* Assets.xcassets */ = {isa = PBXFileReference; lastKnownFileType = folder.assetcatalog; path = Assets.xcassets; sourceTree = "<group>"; };
		C91DD35C1E503C8100D58071 /* Base */ = {isa = PBXFileReference; lastKnownFileType = file.storyboard; name = Base; path = Base.lproj/LaunchScreen.storyboard; sourceTree = "<group>"; };
		C91DD35E1E503C8100D58071 /* Info.plist */ = {isa = PBXFileReference; lastKnownFileType = text.plist.xml; path = Info.plist; sourceTree = "<group>"; };
		C91DD3701E50768A00D58071 /* SimpleGraphs.swift */ = {isa = PBXFileReference; fileEncoding = 4; lastKnownFileType = sourcecode.swift; name = SimpleGraphs.swift; path = ../SimpleGraphs/SimpleGraphs.swift; sourceTree = "<group>"; };
		C97864F61E52DB820056DEA6 /* CustomUIColor.swift */ = {isa = PBXFileReference; fileEncoding = 4; lastKnownFileType = sourcecode.swift; name = CustomUIColor.swift; path = ../SimpleGraphs/CustomUIColor.swift; sourceTree = "<group>"; };
/* End PBXFileReference section */

/* Begin PBXFrameworksBuildPhase section */
		C91DD34C1E503C8000D58071 /* Frameworks */ = {
			isa = PBXFrameworksBuildPhase;
			buildActionMask = 2147483647;
			files = (
			);
			runOnlyForDeploymentPostprocessing = 0;
		};
/* End PBXFrameworksBuildPhase section */

/* Begin PBXGroup section */
		C91DD3461E503C8000D58071 = {
			isa = PBXGroup;
			children = (
				C91DD36F1E50765D00D58071 /* SimpleGraphs */,
				C91DD3511E503C8000D58071 /* Demo */,
				C91DD3501E503C8000D58071 /* Products */,
			);
			sourceTree = "<group>";
		};
		C91DD3501E503C8000D58071 /* Products */ = {
			isa = PBXGroup;
			children = (
				C91DD34F1E503C8000D58071 /* Demo.app */,
			);
			name = Products;
			sourceTree = "<group>";
		};
		C91DD3511E503C8000D58071 /* Demo */ = {
			isa = PBXGroup;
			children = (
				C91DD3521E503C8000D58071 /* AppDelegate.swift */,
				C91DD3541E503C8000D58071 /* ViewController.swift */,
				C91DD3561E503C8000D58071 /* Main.storyboard */,
				C91DD3591E503C8100D58071 /* Assets.xcassets */,
				C91DD35B1E503C8100D58071 /* LaunchScreen.storyboard */,
				C91DD35E1E503C8100D58071 /* Info.plist */,
			);
			path = Demo;
			sourceTree = "<group>";
		};
		C91DD36F1E50765D00D58071 /* SimpleGraphs */ = {
			isa = PBXGroup;
			children = (
				C91DD3701E50768A00D58071 /* SimpleGraphs.swift */,
				C97864F61E52DB820056DEA6 /* CustomUIColor.swift */,
			);
			name = SimpleGraphs;
			sourceTree = "<group>";
		};
/* End PBXGroup section */

/* Begin PBXNativeTarget section */
		C91DD34E1E503C8000D58071 /* Demo */ = {
			isa = PBXNativeTarget;
			buildConfigurationList = C91DD3611E503C8100D58071 /* Build configuration list for PBXNativeTarget "Demo" */;
			buildPhases = (
				C91DD34B1E503C8000D58071 /* Sources */,
				C91DD34C1E503C8000D58071 /* Frameworks */,
				C91DD34D1E503C8000D58071 /* Resources */,
			);
			buildRules = (
			);
			dependencies = (
			);
			name = Demo;
			productName = Demo;
			productReference = C91DD34F1E503C8000D58071 /* Demo.app */;
			productType = "com.apple.product-type.application";
		};
/* End PBXNativeTarget section */

/* Begin PBXProject section */
		C91DD3471E503C8000D58071 /* Project object */ = {
			isa = PBXProject;
			attributes = {
				LastSwiftUpdateCheck = 0820;
				LastUpgradeCheck = 0820;
				ORGANIZATIONNAME = Taillook;
				TargetAttributes = {
					C91DD34E1E503C8000D58071 = {
						CreatedOnToolsVersion = 8.2.1;
						DevelopmentTeam = YS65CTH2V7;
						ProvisioningStyle = Automatic;
					};
				};
			};
			buildConfigurationList = C91DD34A1E503C8000D58071 /* Build configuration list for PBXProject "Demo" */;
			compatibilityVersion = "Xcode 3.2";
			developmentRegion = English;
			hasScannedForEncodings = 0;
			knownRegions = (
				en,
				Base,
			);
			mainGroup = C91DD3461E503C8000D58071;
			productRefGroup = C91DD3501E503C8000D58071 /* Products */;
			projectDirPath = "";
			projectRoot = "";
			targets = (
				C91DD34E1E503C8000D58071 /* Demo */,
			);
		};
/* End PBXProject section */

/* Begin PBXResourcesBuildPhase section */
		C91DD34D1E503C8000D58071 /* Resources */ = {
			isa = PBXResourcesBuildPhase;
			buildActionMask = 2147483647;
			files = (
				C91DD35D1E503C8100D58071 /* LaunchScreen.storyboard in Resources */,
				C91DD35A1E503C8100D58071 /* Assets.xcassets in Resources */,
				C91DD3581E503C8000D58071 /* Main.storyboard in Resources */,
			);
			runOnlyForDeploymentPostprocessing = 0;
		};
/* End PBXResourcesBuildPhase section */

/* Begin PBXSourcesBuildPhase section */
		C91DD34B1E503C8000D58071 /* Sources */ = {
			isa = PBXSourcesBuildPhase;
			buildActionMask = 2147483647;
			files = (
				C91DD3711E50768A00D58071 /* SimpleGraphs.swift in Sources */,
				C91DD3551E503C8000D58071 /* ViewController.swift in Sources */,
				C97864F71E52DB820056DEA6 /* CustomUIColor.swift in Sources */,
				C91DD3531E503C8000D58071 /* AppDelegate.swift in Sources */,
			);
			runOnlyForDeploymentPostprocessing = 0;
		};
/* End PBXSourcesBuildPhase section */

/* Begin PBXVariantGroup section */
		C91DD3561E503C8000D58071 /* Main.storyboard */ = {
			isa = PBXVariantGroup;
			children = (
				C91DD3571E503C8000D58071 /* Base */,
			);
			name = Main.storyboard;
			sourceTree = "<group>";
		};
		C91DD35B1E503C8100D58071 /* LaunchScreen.storyboard */ = {
			isa = PBXVariantGroup;
			children = (
				C91DD35C1E503C8100D58071 /* Base */,
			);
			name = LaunchScreen.storyboard;
			sourceTree = "<group>";
		};
/* End PBXVariantGroup section */

/* Begin XCBuildConfiguration section */
		C91DD35F1E503C8100D58071 /* Debug */ = {
			isa = XCBuildConfiguration;
			buildSettings = {
				ALWAYS_SEARCH_USER_PATHS = NO;
				CLANG_ANALYZER_NONNULL = YES;
				CLANG_CXX_LANGUAGE_STANDARD = "gnu++0x";
				CLANG_CXX_LIBRARY = "libc++";
				CLANG_ENABLE_MODULES = YES;
				CLANG_ENABLE_OBJC_ARC = YES;
				CLANG_WARN_BOOL_CONVERSION = YES;
				CLANG_WARN_CONSTANT_CONVERSION = YES;
				CLANG_WARN_DIRECT_OBJC_ISA_USAGE = YES_ERROR;
				CLANG_WARN_DOCUMENTATION_COMMENTS = YES;
				CLANG_WARN_EMPTY_BODY = YES;
				CLANG_WARN_ENUM_CONVERSION = YES;
				CLANG_WARN_INFINITE_RECURSION = YES;
				CLANG_WARN_INT_CONVERSION = YES;
				CLANG_WARN_OBJC_ROOT_CLASS = YES_ERROR;
				CLANG_WARN_SUSPICIOUS_MOVE = YES;
				CLANG_WARN_UNREACHABLE_CODE = YES;
				CLANG_WARN__DUPLICATE_METHOD_MATCH = YES;
				"CODE_SIGN_IDENTITY[sdk=iphoneos*]" = "iPhone Developer";
				COPY_PHASE_STRIP = NO;
				DEBUG_INFORMATION_FORMAT = dwarf;
				ENABLE_STRICT_OBJC_MSGSEND = YES;
				ENABLE_TESTABILITY = YES;
				GCC_C_LANGUAGE_STANDARD = gnu99;
				GCC_DYNAMIC_NO_PIC = NO;
				GCC_NO_COMMON_BLOCKS = YES;
				GCC_OPTIMIZATION_LEVEL = 0;
				GCC_PREPROCESSOR_DEFINITIONS = (
					"DEBUG=1",
					"$(inherited)",
				);
				GCC_WARN_64_TO_32_BIT_CONVERSION = YES;
				GCC_WARN_ABOUT_RETURN_TYPE = YES_ERROR;
				GCC_WARN_UNDECLARED_SELECTOR = YES;
				GCC_WARN_UNINITIALIZED_AUTOS = YES_AGGRESSIVE;
				GCC_WARN_UNUSED_FUNCTION = YES;
				GCC_WARN_UNUSED_VARIABLE = YES;
				IPHONEOS_DEPLOYMENT_TARGET = 10.2;
				MTL_ENABLE_DEBUG_INFO = YES;
				ONLY_ACTIVE_ARCH = YES;
				SDKROOT = iphoneos;
				SWIFT_ACTIVE_COMPILATION_CONDITIONS = DEBUG;
				SWIFT_OPTIMIZATION_LEVEL = "-Onone";
			};
			name = Debug;
		};
		C91DD3601E503C8100D58071 /* Release */ = {
			isa = XCBuildConfiguration;
			buildSettings = {
				ALWAYS_SEARCH_USER_PATHS = NO;
				CLANG_ANALYZER_NONNULL = YES;
				CLANG_CXX_LANGUAGE_STANDARD = "gnu++0x";
				CLANG_CXX_LIBRARY = "libc++";
				CLANG_ENABLE_MODULES = YES;
				CLANG_ENABLE_OBJC_ARC = YES;
				CLANG_WARN_BOOL_CONVERSION = YES;
				CLANG_WARN_CONSTANT_CONVERSION = YES;
				CLANG_WARN_DIRECT_OBJC_ISA_USAGE = YES_ERROR;
				CLANG_WARN_DOCUMENTATION_COMMENTS = YES;
				CLANG_WARN_EMPTY_BODY = YES;
				CLANG_WARN_ENUM_CONVERSION = YES;
				CLANG_WARN_INFINITE_RECURSION = YES;
				CLANG_WARN_INT_CONVERSION = YES;
				CLANG_WARN_OBJC_ROOT_CLASS = YES_ERROR;
				CLANG_WARN_SUSPICIOUS_MOVE = YES;
				CLANG_WARN_UNREACHABLE_CODE = YES;
				CLANG_WARN__DUPLICATE_METHOD_MATCH = YES;
				"CODE_SIGN_IDENTITY[sdk=iphoneos*]" = "iPhone Developer";
				COPY_PHASE_STRIP = NO;
				DEBUG_INFORMATION_FORMAT = "dwarf-with-dsym";
				ENABLE_NS_ASSERTIONS = NO;
				ENABLE_STRICT_OBJC_MSGSEND = YES;
				GCC_C_LANGUAGE_STANDARD = gnu99;
				GCC_NO_COMMON_BLOCKS = YES;
				GCC_WARN_64_TO_32_BIT_CONVERSION = YES;
				GCC_WARN_ABOUT_RETURN_TYPE = YES_ERROR;
				GCC_WARN_UNDECLARED_SELECTOR = YES;
				GCC_WARN_UNINITIALIZED_AUTOS = YES_AGGRESSIVE;
				GCC_WARN_UNUSED_FUNCTION = YES;
				GCC_WARN_UNUSED_VARIABLE = YES;
				IPHONEOS_DEPLOYMENT_TARGET = 10.2;
				MTL_ENABLE_DEBUG_INFO = NO;
				SDKROOT = iphoneos;
				SWIFT_OPTIMIZATION_LEVEL = "-Owholemodule";
				VALIDATE_PRODUCT = YES;
			};
			name = Release;
		};
		C91DD3621E503C8100D58071 /* Debug */ = {
			isa = XCBuildConfiguration;
			buildSettings = {
				ASSETCATALOG_COMPILER_APPICON_NAME = AppIcon;
				DEVELOPMENT_TEAM = YS65CTH2V7;
				INFOPLIST_FILE = Demo/Info.plist;
				LD_RUNPATH_SEARCH_PATHS = "$(inherited) @executable_path/Frameworks";
				PRODUCT_BUNDLE_IDENTIFIER = net.grapebread.Demo;
				PRODUCT_NAME = "$(TARGET_NAME)";
				SWIFT_VERSION = 3.0;
			};
			name = Debug;
		};
		C91DD3631E503C8100D58071 /* Release */ = {
			isa = XCBuildConfiguration;
			buildSettings = {
				ASSETCATALOG_COMPILER_APPICON_NAME = AppIcon;
				DEVELOPMENT_TEAM = YS65CTH2V7;
				INFOPLIST_FILE = Demo/Info.plist;
				LD_RUNPATH_SEARCH_PATHS = "$(inherited) @executable_path/Frameworks";
				PRODUCT_BUNDLE_IDENTIFIER = net.grapebread.Demo;
				PRODUCT_NAME = "$(TARGET_NAME)";
				SWIFT_VERSION = 3.0;
			};
			name = Release;
		};
/* End XCBuildConfiguration section */

/* Begin XCConfigurationList section */
		C91DD34A1E503C8000D58071 /* Build configuration list for PBXProject "Demo" */ = {
			isa = XCConfigurationList;
			buildConfigurations = (
				C91DD35F1E503C8100D58071 /* Debug */,
				C91DD3601E503C8100D58071 /* Release */,
			);
			defaultConfigurationIsVisible = 0;
			defaultConfigurationName = Release;
		};
		C91DD3611E503C8100D58071 /* Build configuration list for PBXNativeTarget "Demo" */ = {
			isa = XCConfigurationList;
			buildConfigurations = (
				C91DD3621E503C8100D58071 /* Debug */,
				C91DD3631E503C8100D58071 /* Release */,
			);
			defaultConfigurationIsVisible = 0;
			defaultConfigurationName = Release;
		};
/* End XCConfigurationList section */
	};
	rootObject = C91DD3471E503C8000D58071 /* Project object */;
}
